
Microsoft Visual Studio Solution File, Format Version 12.00
# Visual Studio Version 16
VisualStudioVersion = 16.0.29326.143
MinimumVisualStudioVersion = 10.0.40219.1
Project("{FAE04EC0-301F-11D3-BF4B-00C04F79EFBC}") = "ViridianCore", "ViridianCore\ViridianCore.csproj", "{1A29DD9A-55D2-471D-985E-9D97FE9666F2}"
EndProject
Project("{FAE04EC0-301F-11D3-BF4B-00C04F79EFBC}") = "TestMod", "TestMod\TestMod.csproj", "{F16367B9-6F3D-42A0-A5CF-A45B273DB108}"
EndProject
Project("{FAE04EC0-301F-11D3-BF4B-00C04F79EFBC}") = "ViridianCore.NLayer", "ViridianCore.NLayer\ViridianCore.NLayer.csproj", "{452814D0-3908-4037-B45D-2FF064EED936}"
EndProject
Project("{FAE04EC0-301F-11D3-BF4B-00C04F79EFBC}") = "ViridianLink", "ViridianLink\ViridianLink.csproj", "{A2FFEEB2-041D-4D3E-AB93-96C8D6D54F78}"
EndProject
Project("{FAE04EC0-301F-11D3-BF4B-00C04F79EFBC}") = "ViridianLink.Editor", "ViridianLink.Editor\ViridianLink.Editor.csproj", "{0ACB7733-3B00-4452-9A4B-59D04EF5CDD1}"
EndProject
Project("{FAE04EC0-301F-11D3-BF4B-00C04F79EFBC}") = "ViridianLink.Game", "ViridianLink.Game\ViridianLink.Game.csproj", "{783B4536-C8BB-4306-A4C3-8E1F4E9F7EAA}"
EndProject
Project("{FAE04EC0-301F-11D3-BF4B-00C04F79EFBC}") = "ResourceEmbedder", "ResourceEmbedder\ResourceEmbedder.csproj", "{0AE54068-540C-4EC1-A79A-54484C75CB18}"
EndProject
Project("{FAE04EC0-301F-11D3-BF4B-00C04F79EFBC}") = "ViridianLink.Editor.Visual", "ViridianLink.Editor.Visual\ViridianLink.Editor.Visual.csproj", "{B45AFF65-8CC0-4B3E-92B9-28DD53F65A52}"
EndProject
Global
	GlobalSection(SolutionConfigurationPlatforms) = preSolution
		Debug|Any CPU = Debug|Any CPU
		EditorDebug|Any CPU = EditorDebug|Any CPU
		EditorRelease|Any CPU = EditorRelease|Any CPU
		Release|Any CPU = Release|Any CPU
	EndGlobalSection
	GlobalSection(ProjectConfigurationPlatforms) = postSolution
		{1A29DD9A-55D2-471D-985E-9D97FE9666F2}.Debug|Any CPU.ActiveCfg = Debug|Any CPU
		{1A29DD9A-55D2-471D-985E-9D97FE9666F2}.Debug|Any CPU.Build.0 = Debug|Any CPU
		{1A29DD9A-55D2-471D-985E-9D97FE9666F2}.EditorDebug|Any CPU.ActiveCfg = EditorDebug|Any CPU
		{1A29DD9A-55D2-471D-985E-9D97FE9666F2}.EditorDebug|Any CPU.Build.0 = EditorDebug|Any CPU
		{1A29DD9A-55D2-471D-985E-9D97FE9666F2}.EditorRelease|Any CPU.ActiveCfg = EditorRelease|Any CPU
		{1A29DD9A-55D2-471D-985E-9D97FE9666F2}.EditorRelease|Any CPU.Build.0 = EditorRelease|Any CPU
		{1A29DD9A-55D2-471D-985E-9D97FE9666F2}.Release|Any CPU.ActiveCfg = Release|Any CPU
		{1A29DD9A-55D2-471D-985E-9D97FE9666F2}.Release|Any CPU.Build.0 = Release|Any CPU
		{F16367B9-6F3D-42A0-A5CF-A45B273DB108}.Debug|Any CPU.ActiveCfg = Debug|Any CPU
		{F16367B9-6F3D-42A0-A5CF-A45B273DB108}.Debug|Any CPU.Build.0 = Debug|Any CPU
		{F16367B9-6F3D-42A0-A5CF-A45B273DB108}.EditorDebug|Any CPU.ActiveCfg = EditorDebug|Any CPU
		{F16367B9-6F3D-42A0-A5CF-A45B273DB108}.EditorDebug|Any CPU.Build.0 = EditorDebug|Any CPU
		{F16367B9-6F3D-42A0-A5CF-A45B273DB108}.EditorRelease|Any CPU.ActiveCfg = EditorRelease|Any CPU
		{F16367B9-6F3D-42A0-A5CF-A45B273DB108}.EditorRelease|Any CPU.Build.0 = EditorRelease|Any CPU
		{F16367B9-6F3D-42A0-A5CF-A45B273DB108}.Release|Any CPU.ActiveCfg = Release|Any CPU
		{F16367B9-6F3D-42A0-A5CF-A45B273DB108}.Release|Any CPU.Build.0 = Release|Any CPU
		{452814D0-3908-4037-B45D-2FF064EED936}.Debug|Any CPU.ActiveCfg = Debug|Any CPU
		{452814D0-3908-4037-B45D-2FF064EED936}.Debug|Any CPU.Build.0 = Debug|Any CPU
		{452814D0-3908-4037-B45D-2FF064EED936}.EditorDebug|Any CPU.ActiveCfg = EditorDebug|Any CPU
		{452814D0-3908-4037-B45D-2FF064EED936}.EditorDebug|Any CPU.Build.0 = EditorDebug|Any CPU
		{452814D0-3908-4037-B45D-2FF064EED936}.EditorRelease|Any CPU.ActiveCfg = EditorRelease|Any CPU
		{452814D0-3908-4037-B45D-2FF064EED936}.EditorRelease|Any CPU.Build.0 = EditorRelease|Any CPU
		{452814D0-3908-4037-B45D-2FF064EED936}.Release|Any CPU.ActiveCfg = Release|Any CPU
		{452814D0-3908-4037-B45D-2FF064EED936}.Release|Any CPU.Build.0 = Release|Any CPU
		{A2FFEEB2-041D-4D3E-AB93-96C8D6D54F78}.Debug|Any CPU.ActiveCfg = Debug|Any CPU
		{A2FFEEB2-041D-4D3E-AB93-96C8D6D54F78}.Debug|Any CPU.Build.0 = Debug|Any CPU
		{A2FFEEB2-041D-4D3E-AB93-96C8D6D54F78}.EditorDebug|Any CPU.ActiveCfg = EditorDebug|Any CPU
		{A2FFEEB2-041D-4D3E-AB93-96C8D6D54F78}.EditorDebug|Any CPU.Build.0 = EditorDebug|Any CPU
		{A2FFEEB2-041D-4D3E-AB93-96C8D6D54F78}.EditorRelease|Any CPU.ActiveCfg = EditorRelease|Any CPU
		{A2FFEEB2-041D-4D3E-AB93-96C8D6D54F78}.EditorRelease|Any CPU.Build.0 = EditorRelease|Any CPU
		{A2FFEEB2-041D-4D3E-AB93-96C8D6D54F78}.Release|Any CPU.ActiveCfg = Release|Any CPU
		{A2FFEEB2-041D-4D3E-AB93-96C8D6D54F78}.Release|Any CPU.Build.0 = Release|Any CPU
		{0ACB7733-3B00-4452-9A4B-59D04EF5CDD1}.Debug|Any CPU.ActiveCfg = Debug|Any CPU
		{0ACB7733-3B00-4452-9A4B-59D04EF5CDD1}.Debug|Any CPU.Build.0 = Debug|Any CPU
		{0ACB7733-3B00-4452-9A4B-59D04EF5CDD1}.EditorDebug|Any CPU.ActiveCfg = EditorDebug|Any CPU
		{0ACB7733-3B00-4452-9A4B-59D04EF5CDD1}.EditorDebug|Any CPU.Build.0 = EditorDebug|Any CPU
		{0ACB7733-3B00-4452-9A4B-59D04EF5CDD1}.EditorRelease|Any CPU.ActiveCfg = EditorRelease|Any CPU
		{0ACB7733-3B00-4452-9A4B-59D04EF5CDD1}.EditorRelease|Any CPU.Build.0 = EditorRelease|Any CPU
		{0ACB7733-3B00-4452-9A4B-59D04EF5CDD1}.Release|Any CPU.ActiveCfg = Release|Any CPU
		{0ACB7733-3B00-4452-9A4B-59D04EF5CDD1}.Release|Any CPU.Build.0 = Release|Any CPU
		{783B4536-C8BB-4306-A4C3-8E1F4E9F7EAA}.Debug|Any CPU.ActiveCfg = Debug|Any CPU
		{783B4536-C8BB-4306-A4C3-8E1F4E9F7EAA}.Debug|Any CPU.Build.0 = Debug|Any CPU
		{783B4536-C8BB-4306-A4C3-8E1F4E9F7EAA}.EditorDebug|Any CPU.ActiveCfg = EditorDebug|Any CPU
		{783B4536-C8BB-4306-A4C3-8E1F4E9F7EAA}.EditorDebug|Any CPU.Build.0 = EditorDebug|Any CPU
		{783B4536-C8BB-4306-A4C3-8E1F4E9F7EAA}.EditorRelease|Any CPU.ActiveCfg = EditorRelease|Any CPU
		{783B4536-C8BB-4306-A4C3-8E1F4E9F7EAA}.EditorRelease|Any CPU.Build.0 = EditorRelease|Any CPU
		{783B4536-C8BB-4306-A4C3-8E1F4E9F7EAA}.Release|Any CPU.ActiveCfg = Release|Any CPU
		{783B4536-C8BB-4306-A4C3-8E1F4E9F7EAA}.Release|Any CPU.Build.0 = Release|Any CPU
		{0AE54068-540C-4EC1-A79A-54484C75CB18}.Debug|Any CPU.ActiveCfg = Debug|Any CPU
		{0AE54068-540C-4EC1-A79A-54484C75CB18}.Debug|Any CPU.Build.0 = Debug|Any CPU
		{0AE54068-540C-4EC1-A79A-54484C75CB18}.EditorDebug|Any CPU.ActiveCfg = EditorDebug|Any CPU
		{0AE54068-540C-4EC1-A79A-54484C75CB18}.EditorDebug|Any CPU.Build.0 = EditorDebug|Any CPU
		{0AE54068-540C-4EC1-A79A-54484C75CB18}.EditorRelease|Any CPU.ActiveCfg = EditorRelease|Any CPU
		{0AE54068-540C-4EC1-A79A-54484C75CB18}.EditorRelease|Any CPU.Build.0 = EditorRelease|Any CPU
		{0AE54068-540C-4EC1-A79A-54484C75CB18}.Release|Any CPU.ActiveCfg = Release|Any CPU
		{0AE54068-540C-4EC1-A79A-54484C75CB18}.Release|Any CPU.Build.0 = Release|Any CPU
		{B45AFF65-8CC0-4B3E-92B9-28DD53F65A52}.Debug|Any CPU.ActiveCfg = Debug|Any CPU
		{B45AFF65-8CC0-4B3E-92B9-28DD53F65A52}.Debug|Any CPU.Build.0 = Debug|Any CPU
		{B45AFF65-8CC0-4B3E-92B9-28DD53F65A52}.EditorDebug|Any CPU.ActiveCfg = Debug|Any CPU
		{B45AFF65-8CC0-4B3E-92B9-28DD53F65A52}.EditorDebug|Any CPU.Build.0 = Debug|Any CPU
		{B45AFF65-8CC0-4B3E-92B9-28DD53F65A52}.EditorRelease|Any CPU.ActiveCfg = Release|Any CPU
		{B45AFF65-8CC0-4B3E-92B9-28DD53F65A52}.EditorRelease|Any CPU.Build.0 = Release|Any CPU
		{B45AFF65-8CC0-4B3E-92B9-28DD53F65A52}.Release|Any CPU.ActiveCfg = Release|Any CPU
		{B45AFF65-8CC0-4B3E-92B9-28DD53F65A52}.Release|Any CPU.Build.0 = Release|Any CPU
	EndGlobalSection
	GlobalSection(SolutionProperties) = preSolution
		HideSolutionNode = FALSE
	EndGlobalSection
	GlobalSection(ExtensibilityGlobals) = postSolution
		SolutionGuid = {504B8E51-53B1-43D0-A46A-6134FC643F01}
	EndGlobalSection
EndGlobal
