
Microsoft Visual Studio Solution File, Format Version 12.00
# Visual Studio Version 16
VisualStudioVersion = 16.0.29326.143
MinimumVisualStudioVersion = 10.0.40219.1
Project("{FAE04EC0-301F-11D3-BF4B-00C04F79EFBC}") = "ViridianCore", "ViridianCore\ViridianCore.csproj", "{1A29DD9A-55D2-471D-985E-9D97FE9666F2}"
EndProject
Project("{FAE04EC0-301F-11D3-BF4B-00C04F79EFBC}") = "TestMod", "TestMod\TestMod.csproj", "{F16367B9-6F3D-42A0-A5CF-A45B273DB108}"
EndProject
Project("{FAE04EC0-301F-11D3-BF4B-00C04F79EFBC}") = "ViridianCore.NLayer", "ViridianCore.NLayer\ViridianCore.NLayer.csproj", "{452814D0-3908-4037-B45D-2FF064EED936}"
EndProject
Global
	GlobalSection(SolutionConfigurationPlatforms) = preSolution
		Debug|Any CPU = Debug|Any CPU
		Release|Any CPU = Release|Any CPU
	EndGlobalSection
	GlobalSection(ProjectConfigurationPlatforms) = postSolution
		{1A29DD9A-55D2-471D-985E-9D97FE9666F2}.Debug|Any CPU.ActiveCfg = Debug|Any CPU
		{1A29DD9A-55D2-471D-985E-9D97FE9666F2}.Debug|Any CPU.Build.0 = Debug|Any CPU
		{1A29DD9A-55D2-471D-985E-9D97FE9666F2}.Release|Any CPU.ActiveCfg = Release|Any CPU
		{1A29DD9A-55D2-471D-985E-9D97FE9666F2}.Release|Any CPU.Build.0 = Release|Any CPU
		{F16367B9-6F3D-42A0-A5CF-A45B273DB108}.Debug|Any CPU.ActiveCfg = Debug|Any CPU
		{F16367B9-6F3D-42A0-A5CF-A45B273DB108}.Debug|Any CPU.Build.0 = Debug|Any CPU
		{F16367B9-6F3D-42A0-A5CF-A45B273DB108}.Release|Any CPU.ActiveCfg = Release|Any CPU
		{F16367B9-6F3D-42A0-A5CF-A45B273DB108}.Release|Any CPU.Build.0 = Release|Any CPU
		{452814D0-3908-4037-B45D-2FF064EED936}.Debug|Any CPU.ActiveCfg = Debug|Any CPU
		{452814D0-3908-4037-B45D-2FF064EED936}.Debug|Any CPU.Build.0 = Debug|Any CPU
		{452814D0-3908-4037-B45D-2FF064EED936}.Release|Any CPU.ActiveCfg = Release|Any CPU
		{452814D0-3908-4037-B45D-2FF064EED936}.Release|Any CPU.Build.0 = Release|Any CPU
	EndGlobalSection
	GlobalSection(SolutionProperties) = preSolution
		HideSolutionNode = FALSE
	EndGlobalSection
	GlobalSection(ExtensibilityGlobals) = postSolution
		SolutionGuid = {504B8E51-53B1-43D0-A46A-6134FC643F01}
	EndGlobalSection
EndGlobal
