
Microsoft Visual Studio Solution File, Format Version 12.00
# Visual Studio Version 16
VisualStudioVersion = 16.0.29911.84
MinimumVisualStudioVersion = 10.0.40219.1
Project("{FAE04EC0-301F-11D3-BF4B-00C04F79EFBC}") = "WeaverCore.Game", "WeaverCore.Game\WeaverCore.Game.csproj", "{14FD1B46-81C5-469F-8BD7-18C60FDCC027}"
EndProject
Global
	GlobalSection(SolutionConfigurationPlatforms) = preSolution
		Debug|Any CPU = Debug|Any CPU
		Release|Any CPU = Release|Any CPU
	EndGlobalSection
	GlobalSection(ProjectConfigurationPlatforms) = postSolution
		{14FD1B46-81C5-469F-8BD7-18C60FDCC027}.Debug|Any CPU.ActiveCfg = Debug|Any CPU
		{14FD1B46-81C5-469F-8BD7-18C60FDCC027}.Debug|Any CPU.Build.0 = Debug|Any CPU
		{14FD1B46-81C5-469F-8BD7-18C60FDCC027}.Release|Any CPU.ActiveCfg = Release|Any CPU
		{14FD1B46-81C5-469F-8BD7-18C60FDCC027}.Release|Any CPU.Build.0 = Release|Any CPU
	EndGlobalSection
	GlobalSection(SolutionProperties) = preSolution
		HideSolutionNode = FALSE
	EndGlobalSection
	GlobalSection(ExtensibilityGlobals) = postSolution
		SolutionGuid = {02F20D4D-7A2D-452F-8B98-E7C0C3A237EA}
	EndGlobalSection
EndGlobal
